{
    "_meta": {
        "hash": {
            "sha256": "a7abdb527d0a453de68a0e00dae9e0dd5f949c7dbbfeea20a30a66fcf7611190"
        },
        "pipfile-spec": 6,
        "requires": {
            "python_full_version": "3.12.5",
            "python_version": "3.12"
        },
        "sources": [
            {
                "name": "pypi",
                "url": "https://pypi.org/simple",
                "verify_ssl": true
            }
        ]
    },
    "default": {
        "click": {
            "hashes": [
                "sha256:63c132bbbed01578a06712a2d1f497bb62d9c1c0d329b7903a866228027263b2",
                "sha256:ed53c9d8990d83c2a27deae68e4ee337473f6330c040a31d4225c9574d16096a"
            ],
            "index": "pypi",
            "markers": "python_version >= '3.7'",
            "version": "==8.1.8"
        }
    },
    "develop": {}
}
